Microsoft Visual Studio Solution File, Format Version 12.00
# Visual Studio 2012
Project("{FAE04EC0-301F-11D3-BF4B-00C04F79EFBC}") = "InkStudio.GUI", "InkStudio.GUI.csproj", "{9EFB6D68-F3BD-418A-8FC0-F12379724828}"
EndProject
Global
	GlobalSection(SolutionConfigurationPlatforms) = preSolution
	Debug|Any CPU = Debug|Any CPU
	ExportDebug|Any CPU = ExportDebug|Any CPU
	ExportRelease|Any CPU = ExportRelease|Any CPU
	EndGlobalSection
	GlobalSection(ProjectConfigurationPlatforms) = postSolution
		{9EFB6D68-F3BD-418A-8FC0-F12379724828}.Debug|Any CPU.ActiveCfg = Debug|Any CPU
		{9EFB6D68-F3BD-418A-8FC0-F12379724828}.Debug|Any CPU.Build.0 = Debug|Any CPU
		{9EFB6D68-F3BD-418A-8FC0-F12379724828}.ExportDebug|Any CPU.ActiveCfg = ExportDebug|Any CPU
		{9EFB6D68-F3BD-418A-8FC0-F12379724828}.ExportDebug|Any CPU.Build.0 = ExportDebug|Any CPU
		{9EFB6D68-F3BD-418A-8FC0-F12379724828}.ExportRelease|Any CPU.ActiveCfg = ExportRelease|Any CPU
		{9EFB6D68-F3BD-418A-8FC0-F12379724828}.ExportRelease|Any CPU.Build.0 = ExportRelease|Any CPU
	EndGlobalSection
EndGlobal
